
Microsoft Visual Studio Solution File, Format Version 12.00
# Visual Studio Version 16
VisualStudioVersion = 16.0.29519.87
MinimumVisualStudioVersion = 10.0.40219.1
Project("{9A19103F-16F7-4668-BE54-9A1E7A4F7556}") = "EndPointGuiTest", "EndPointGuiTest.csproj", "{4EA1E65E-5B13-47BA-8434-57757577033D}"
EndProject
Global
	GlobalSection(SolutionConfigurationPlatforms) = preSolution
		Debug|Any CPU = Debug|Any CPU
		Release|Any CPU = Release|Any CPU
	EndGlobalSection
	GlobalSection(ProjectConfigurationPlatforms) = postSolution
		{4EA1E65E-5B13-47BA-8434-57757577033D}.Debug|Any CPU.ActiveCfg = Debug|Any CPU
		{4EA1E65E-5B13-47BA-8434-57757577033D}.Debug|Any CPU.Build.0 = Debug|Any CPU
		{4EA1E65E-5B13-47BA-8434-57757577033D}.Release|Any CPU.ActiveCfg = Release|Any CPU
		{4EA1E65E-5B13-47BA-8434-57757577033D}.Release|Any CPU.Build.0 = Release|Any CPU
	EndGlobalSection
	GlobalSection(SolutionProperties) = preSolution
		HideSolutionNode = FALSE
	EndGlobalSection
	GlobalSection(ExtensibilityGlobals) = postSolution
		SolutionGuid = {19191EA3-2233-4A65-A28B-A42598B02245}
	EndGlobalSection
EndGlobal
